// !$*UTF8*$!
{
	archiveVersion = 1;
	classes = {
	};
	objectVersion = 46;
	objects = {

/* Begin PBXBuildFile section */
		451DC1921A7BE16D00439E3B /* main.m in Sources */ = {isa = PBXBuildFile; fileRef = 451DC1911A7BE16D00439E3B /* main.m */; };
		451DC1951A7BE16D00439E3B /* AppDelegate.m in Sources */ = {isa = PBXBuildFile; fileRef = 451DC1941A7BE16D00439E3B /* AppDelegate.m */; };
		451DC1981A7BE16D00439E3B /* ViewController.m in Sources */ = {isa = PBXBuildFile; fileRef = 451DC1971A7BE16D00439E3B /* ViewController.m */; };
		451DC19B1A7BE16D00439E3B /* Main.storyboard in Resources */ = {isa = PBXBuildFile; fileRef = 451DC1991A7BE16D00439E3B /* Main.storyboard */; };
		451DC19D1A7BE16D00439E3B /* Images.xcassets in Resources */ = {isa = PBXBuildFile; fileRef = 451DC19C1A7BE16D00439E3B /* Images.xcassets */; };
		451DC1A01A7BE16D00439E3B /* LaunchScreen.xib in Resources */ = {isa = PBXBuildFile; fileRef = 451DC19E1A7BE16D00439E3B /* LaunchScreen.xib */; };
		451DC1AC1A7BE16D00439E3B /* actionTests.m in Sources */ = {isa = PBXBuildFile; fileRef = 451DC1AB1A7BE16D00439E3B /* actionTests.m */; };
		451DC1BD1A7C341500439E3B /* MedalView.m in Sources */ = {isa = PBXBuildFile; fileRef = 451DC1BC1A7C341500439E3B /* MedalView.m */; };
		451DC1BF1A7D568500439E3B /* AudioToolbox.framework in Frameworks */ = {isa = PBXBuildFile; fileRef = 451DC1BE1A7D568500439E3B /* AudioToolbox.framework */; };
		451DC1C11A7D56E200439E3B /* swipe.mp3 in Resources */ = {isa = PBXBuildFile; fileRef = 451DC1C01A7D56E200439E3B /* swipe.mp3 */; };
		451DC1C51A7D5D0E00439E3B /* loseSwipe.wav in Resources */ = {isa = PBXBuildFile; fileRef = 451DC1C41A7D5D0E00439E3B /* loseSwipe.wav */; };
		451DC1CB1A7D94B600439E3B /* swipe2.wav in Resources */ = {isa = PBXBuildFile; fileRef = 451DC1CA1A7D94B600439E3B /* swipe2.wav */; };
		451DC1CD1A7D969200439E3B /* AVFoundation.framework in Frameworks */ = {isa = PBXBuildFile; fileRef = 451DC1CC1A7D969100439E3B /* AVFoundation.framework */; };
		451DC1CF1A7D969700439E3B /* AVKit.framework in Frameworks */ = {isa = PBXBuildFile; fileRef = 451DC1CE1A7D969700439E3B /* AVKit.framework */; };
		451DC1E11A7DD60700439E3B /* HomeViewController.m in Sources */ = {isa = PBXBuildFile; fileRef = 451DC1E01A7DD60700439E3B /* HomeViewController.m */; };
		457962AA1A7DDAEE001A8E43 /* HowToViewController.m in Sources */ = {isa = PBXBuildFile; fileRef = 457962A91A7DDAEE001A8E43 /* HowToViewController.m */; };
		457962AD1A7EDA59001A8E43 /* ExtrasViewController.m in Sources */ = {isa = PBXBuildFile; fileRef = 457962AC1A7EDA59001A8E43 /* ExtrasViewController.m */; };
		457962D01A7EE692001A8E43 /* libGoogleAdMobAds.a in Frameworks */ = {isa = PBXBuildFile; fileRef = 457962CE1A7EE692001A8E43 /* libGoogleAdMobAds.a */; };
		457962D11A7EE692001A8E43 /* README.txt in Resources */ = {isa = PBXBuildFile; fileRef = 457962CF1A7EE692001A8E43 /* README.txt */; };
		457962D31A7EE6BD001A8E43 /* AdSupport.framework in Frameworks */ = {isa = PBXBuildFile; fileRef = 457962D21A7EE6BD001A8E43 /* AdSupport.framework */; };
		457962DB1A7EE6E9001A8E43 /* CoreGraphics.framework in Frameworks */ = {isa = PBXBuildFile; fileRef = 457962D41A7EE6E9001A8E43 /* CoreGraphics.framework */; };
		457962DC1A7EE6E9001A8E43 /* CoreTelephony.framework in Frameworks */ = {isa = PBXBuildFile; fileRef = 457962D51A7EE6E9001A8E43 /* CoreTelephony.framework */; };
		457962DD1A7EE6E9001A8E43 /* EventKit.framework in Frameworks */ = {isa = PBXBuildFile; fileRef = 457962D61A7EE6E9001A8E43 /* EventKit.framework */; };
		457962DE1A7EE6E9001A8E43 /* EventKitUI.framework in Frameworks */ = {isa = PBXBuildFile; fileRef = 457962D71A7EE6E9001A8E43 /* EventKitUI.framework */; };
		457962DF1A7EE6E9001A8E43 /* MessageUI.framework in Frameworks */ = {isa = PBXBuildFile; fileRef = 457962D81A7EE6E9001A8E43 /* MessageUI.framework */; };
		457962E01A7EE6E9001A8E43 /* StoreKit.framework in Frameworks */ = {isa = PBXBuildFile; fileRef = 457962D91A7EE6E9001A8E43 /* StoreKit.framework */; };
		457962E11A7EE6E9001A8E43 /* SystemConfiguration.framework in Frameworks */ = {isa = PBXBuildFile; fileRef = 457962DA1A7EE6E9001A8E43 /* SystemConfiguration.framework */; };
/* End PBXBuildFile section */

/* Begin PBXContainerItemProxy section */
		451DC1A61A7BE16D00439E3B /* PBXContainerItemProxy */ = {
			isa = PBXContainerItemProxy;
			containerPortal = 451DC1841A7BE16C00439E3B /* Project object */;
			proxyType = 1;
			remoteGlobalIDString = 451DC18B1A7BE16C00439E3B;
			remoteInfo = action;
		};
/* End PBXContainerItemProxy section */

/* Begin PBXFileReference section */
		451DC18C1A7BE16C00439E3B /* action.app */ = {isa = PBXFileReference; explicitFileType = wrapper.application; includeInIndex = 0; path = action.app; sourceTree = BUILT_PRODUCTS_DIR; };
		451DC1901A7BE16D00439E3B /* Info.plist */ = {isa = PBXFileReference; lastKnownFileType = text.plist.xml; path = Info.plist; sourceTree = "<group>"; };
		451DC1911A7BE16D00439E3B /* main.m */ = {isa = PBXFileReference; lastKnownFileType = sourcecode.c.objc; path = main.m; sourceTree = "<group>"; };
		451DC1931A7BE16D00439E3B /* AppDelegate.h */ = {isa = PBXFileReference; lastKnownFileType = sourcecode.c.h; path = AppDelegate.h; sourceTree = "<group>"; };
		451DC1941A7BE16D00439E3B /* AppDelegate.m */ = {isa = PBXFileReference; lastKnownFileType = sourcecode.c.objc; path = AppDelegate.m; sourceTree = "<group>"; };
		451DC1961A7BE16D00439E3B /* ViewController.h */ = {isa = PBXFileReference; lastKnownFileType = sourcecode.c.h; path = ViewController.h; sourceTree = "<group>"; };
		451DC1971A7BE16D00439E3B /* ViewController.m */ = {isa = PBXFileReference; lastKnownFileType = sourcecode.c.objc; path = ViewController.m; sourceTree = "<group>"; };
		451DC19A1A7BE16D00439E3B /* Base */ = {isa = PBXFileReference; lastKnownFileType = file.storyboard; name = Base; path = Base.lproj/Main.storyboard; sourceTree = "<group>"; };
		451DC19C1A7BE16D00439E3B /* Images.xcassets */ = {isa = PBXFileReference; lastKnownFileType = folder.assetcatalog; path = Images.xcassets; sourceTree = "<group>"; };
		451DC19F1A7BE16D00439E3B /* Base */ = {isa = PBXFileReference; lastKnownFileType = file.xib; name = Base; path = Base.lproj/LaunchScreen.xib; sourceTree = "<group>"; };
		451DC1A51A7BE16D00439E3B /* actionTests.xctest */ = {isa = PBXFileReference; explicitFileType = wrapper.cfbundle; includeInIndex = 0; path = actionTests.xctest; sourceTree = BUILT_PRODUCTS_DIR; };
		451DC1AA1A7BE16D00439E3B /* Info.plist */ = {isa = PBXFileReference; lastKnownFileType = text.plist.xml; path = Info.plist; sourceTree = "<group>"; };
		451DC1AB1A7BE16D00439E3B /* actionTests.m */ = {isa = PBXFileReference; lastKnownFileType = sourcecode.c.objc; path = actionTests.m; sourceTree = "<group>"; };
		451DC1BB1A7C341500439E3B /* MedalView.h */ = {isa = PBXFileReference; fileEncoding = 4; lastKnownFileType = sourcecode.c.h; path = MedalView.h; sourceTree = "<group>"; };
		451DC1BC1A7C341500439E3B /* MedalView.m */ = {isa = PBXFileReference; fileEncoding = 4; lastKnownFileType = sourcecode.c.objc; path = MedalView.m; sourceTree = "<group>"; };
		451DC1BE1A7D568500439E3B /* AudioToolbox.framework */ = {isa = PBXFileReference; lastKnownFileType = wrapper.framework; name = AudioToolbox.framework; path = System/Library/Frameworks/AudioToolbox.framework; sourceTree = SDKROOT; };
		451DC1C01A7D56E200439E3B /* swipe.mp3 */ = {isa = PBXFileReference; lastKnownFileType = audio.mp3; path = swipe.mp3; sourceTree = "<group>"; };
		451DC1C41A7D5D0E00439E3B /* loseSwipe.wav */ = {isa = PBXFileReference; lastKnownFileType = audio.wav; path = loseSwipe.wav; sourceTree = "<group>"; };
		451DC1CA1A7D94B600439E3B /* swipe2.wav */ = {isa = PBXFileReference; lastKnownFileType = audio.wav; path = swipe2.wav; sourceTree = "<group>"; };
		451DC1CC1A7D969100439E3B /* AVFoundation.framework */ = {isa = PBXFileReference; lastKnownFileType = wrapper.framework; name = AVFoundation.framework; path = System/Library/Frameworks/AVFoundation.framework; sourceTree = SDKROOT; };
		451DC1CE1A7D969700439E3B /* AVKit.framework */ = {isa = PBXFileReference; lastKnownFileType = wrapper.framework; name = AVKit.framework; path = System/Library/Frameworks/AVKit.framework; sourceTree = SDKROOT; };
		451DC1DF1A7DD60700439E3B /* HomeViewController.h */ = {isa = PBXFileReference; fileEncoding = 4; lastKnownFileType = sourcecode.c.h; path = HomeViewController.h; sourceTree = "<group>"; };
		451DC1E01A7DD60700439E3B /* HomeViewController.m */ = {isa = PBXFileReference; fileEncoding = 4; lastKnownFileType = sourcecode.c.objc; path = HomeViewController.m; sourceTree = "<group>"; };
		457962A81A7DDAEE001A8E43 /* HowToViewController.h */ = {isa = PBXFileReference; fileEncoding = 4; lastKnownFileType = sourcecode.c.h; path = HowToViewController.h; sourceTree = "<group>"; };
		457962A91A7DDAEE001A8E43 /* HowToViewController.m */ = {isa = PBXFileReference; fileEncoding = 4; lastKnownFileType = sourcecode.c.objc; path = HowToViewController.m; sourceTree = "<group>"; };
		457962AB1A7EDA59001A8E43 /* ExtrasViewController.h */ = {isa = PBXFileReference; fileEncoding = 4; lastKnownFileType = sourcecode.c.h; path = ExtrasViewController.h; sourceTree = "<group>"; };
		457962AC1A7EDA59001A8E43 /* ExtrasViewController.m */ = {isa = PBXFileReference; fileEncoding = 4; lastKnownFileType = sourcecode.c.objc; path = ExtrasViewController.m; sourceTree = "<group>"; };
		457962B11A7EE692001A8E43 /* DFPBannerView.h */ = {isa = PBXFileReference; fileEncoding = 4; lastKnownFileType = sourcecode.c.h; path = DFPBannerView.h; sourceTree = "<group>"; };
		457962B21A7EE692001A8E43 /* DFPExtras.h */ = {isa = PBXFileReference; fileEncoding = 4; lastKnownFileType = sourcecode.c.h; path = DFPExtras.h; sourceTree = "<group>"; };
		457962B31A7EE692001A8E43 /* DFPInterstitial.h */ = {isa = PBXFileReference; fileEncoding = 4; lastKnownFileType = sourcecode.c.h; path = DFPInterstitial.h; sourceTree = "<group>"; };
		457962B41A7EE692001A8E43 /* DFPSwipeableBannerView.h */ = {isa = PBXFileReference; fileEncoding = 4; lastKnownFileType = sourcecode.c.h; path = DFPSwipeableBannerView.h; sourceTree = "<group>"; };
		457962B51A7EE692001A8E43 /* GADAdSizeDelegate.h */ = {isa = PBXFileReference; fileEncoding = 4; lastKnownFileType = sourcecode.c.h; path = GADAdSizeDelegate.h; sourceTree = "<group>"; };
		457962B61A7EE692001A8E43 /* GADAppEventDelegate.h */ = {isa = PBXFileReference; fileEncoding = 4; lastKnownFileType = sourcecode.c.h; path = GADAppEventDelegate.h; sourceTree = "<group>"; };
		457962B71A7EE692001A8E43 /* GADSwipeableBannerViewDelegate.h */ = {isa = PBXFileReference; fileEncoding = 4; lastKnownFileType = sourcecode.c.h; path = GADSwipeableBannerViewDelegate.h; sourceTree = "<group>"; };
		457962B91A7EE692001A8E43 /* GADCustomEventBanner.h */ = {isa = PBXFileReference; fileEncoding = 4; lastKnownFileType = sourcecode.c.h; path = GADCustomEventBanner.h; sourceTree = "<group>"; };
		457962BA1A7EE692001A8E43 /* GADCustomEventBannerDelegate.h */ = {isa = PBXFileReference; fileEncoding = 4; lastKnownFileType = sourcecode.c.h; path = GADCustomEventBannerDelegate.h; sourceTree = "<group>"; };
		457962BB1A7EE692001A8E43 /* GADCustomEventExtras.h */ = {isa = PBXFileReference; fileEncoding = 4; lastKnownFileType = sourcecode.c.h; path = GADCustomEventExtras.h; sourceTree = "<group>"; };
		457962BC1A7EE692001A8E43 /* GADCustomEventInterstitial.h */ = {isa = PBXFileReference; fileEncoding = 4; lastKnownFileType = sourcecode.c.h; path = GADCustomEventInterstitial.h; sourceTree = "<group>"; };
		457962BD1A7EE692001A8E43 /* GADCustomEventInterstitialDelegate.h */ = {isa = PBXFileReference; fileEncoding = 4; lastKnownFileType = sourcecode.c.h; path = GADCustomEventInterstitialDelegate.h; sourceTree = "<group>"; };
		457962BE1A7EE692001A8E43 /* GADCustomEventRequest.h */ = {isa = PBXFileReference; fileEncoding = 4; lastKnownFileType = sourcecode.c.h; path = GADCustomEventRequest.h; sourceTree = "<group>"; };
		457962C01A7EE692001A8E43 /* GADSearchBannerView.h */ = {isa = PBXFileReference; fileEncoding = 4; lastKnownFileType = sourcecode.c.h; path = GADSearchBannerView.h; sourceTree = "<group>"; };
		457962C11A7EE692001A8E43 /* GADSearchRequest.h */ = {isa = PBXFileReference; fileEncoding = 4; lastKnownFileType = sourcecode.c.h; path = GADSearchRequest.h; sourceTree = "<group>"; };
		457962C21A7EE692001A8E43 /* GADAdMobExtras.h */ = {isa = PBXFileReference; fileEncoding = 4; lastKnownFileType = sourcecode.c.h; path = GADAdMobExtras.h; sourceTree = "<group>"; };
		457962C31A7EE692001A8E43 /* GADAdNetworkExtras.h */ = {isa = PBXFileReference; fileEncoding = 4; lastKnownFileType = sourcecode.c.h; path = GADAdNetworkExtras.h; sourceTree = "<group>"; };
		457962C41A7EE692001A8E43 /* GADAdSize.h */ = {isa = PBXFileReference; fileEncoding = 4; lastKnownFileType = sourcecode.c.h; path = GADAdSize.h; sourceTree = "<group>"; };
		457962C51A7EE692001A8E43 /* GADBannerView.h */ = {isa = PBXFileReference; fileEncoding = 4; lastKnownFileType = sourcecode.c.h; path = GADBannerView.h; sourceTree = "<group>"; };
		457962C61A7EE692001A8E43 /* GADBannerViewDelegate.h */ = {isa = PBXFileReference; fileEncoding = 4; lastKnownFileType = sourcecode.c.h; path = GADBannerViewDelegate.h; sourceTree = "<group>"; };
		457962C71A7EE692001A8E43 /* GADInAppPurchase.h */ = {isa = PBXFileReference; fileEncoding = 4; lastKnownFileType = sourcecode.c.h; path = GADInAppPurchase.h; sourceTree = "<group>"; };
		457962C81A7EE692001A8E43 /* GADInAppPurchaseDelegate.h */ = {isa = PBXFileReference; fileEncoding = 4; lastKnownFileType = sourcecode.c.h; path = GADInAppPurchaseDelegate.h; sourceTree = "<group>"; };
		457962C91A7EE692001A8E43 /* GADInterstitial.h */ = {isa = PBXFileReference; fileEncoding = 4; lastKnownFileType = sourcecode.c.h; path = GADInterstitial.h; sourceTree = "<group>"; };
		457962CA1A7EE692001A8E43 /* GADInterstitialDelegate.h */ = {isa = PBXFileReference; fileEncoding = 4; lastKnownFileType = sourcecode.c.h; path = GADInterstitialDelegate.h; sourceTree = "<group>"; };
		457962CB1A7EE692001A8E43 /* GADModules.h */ = {isa = PBXFileReference; fileEncoding = 4; lastKnownFileType = sourcecode.c.h; path = GADModules.h; sourceTree = "<group>"; };
		457962CC1A7EE692001A8E43 /* GADRequest.h */ = {isa = PBXFileReference; fileEncoding = 4; lastKnownFileType = sourcecode.c.h; path = GADRequest.h; sourceTree = "<group>"; };
		457962CD1A7EE692001A8E43 /* GADRequestError.h */ = {isa = PBXFileReference; fileEncoding = 4; lastKnownFileType = sourcecode.c.h; path = GADRequestError.h; sourceTree = "<group>"; };
		457962CE1A7EE692001A8E43 /* libGoogleAdMobAds.a */ = {isa = PBXFileReference; lastKnownFileType = archive.ar; path = libGoogleAdMobAds.a; sourceTree = "<group>"; };
		457962CF1A7EE692001A8E43 /* README.txt */ = {isa = PBXFileReference; fileEncoding = 4; lastKnownFileType = text; path = README.txt; sourceTree = "<group>"; };
		457962D21A7EE6BD001A8E43 /* AdSupport.framework */ = {isa = PBXFileReference; lastKnownFileType = wrapper.framework; name = AdSupport.framework; path = System/Library/Frameworks/AdSupport.framework; sourceTree = SDKROOT; };
		457962D41A7EE6E9001A8E43 /* CoreGraphics.framework */ = {isa = PBXFileReference; lastKnownFileType = wrapper.framework; name = CoreGraphics.framework; path = System/Library/Frameworks/CoreGraphics.framework; sourceTree = SDKROOT; };
		457962D51A7EE6E9001A8E43 /* CoreTelephony.framework */ = {isa = PBXFileReference; lastKnownFileType = wrapper.framework; name = CoreTelephony.framework; path = System/Library/Frameworks/CoreTelephony.framework; sourceTree = SDKROOT; };
		457962D61A7EE6E9001A8E43 /* EventKit.framework */ = {isa = PBXFileReference; lastKnownFileType = wrapper.framework; name = EventKit.framework; path = System/Library/Frameworks/EventKit.framework; sourceTree = SDKROOT; };
		457962D71A7EE6E9001A8E43 /* EventKitUI.framework */ = {isa = PBXFileReference; lastKnownFileType = wrapper.framework; name = EventKitUI.framework; path = System/Library/Frameworks/EventKitUI.framework; sourceTree = SDKROOT; };
		457962D81A7EE6E9001A8E43 /* MessageUI.framework */ = {isa = PBXFileReference; lastKnownFileType = wrapper.framework; name = MessageUI.framework; path = System/Library/Frameworks/MessageUI.framework; sourceTree = SDKROOT; };
		457962D91A7EE6E9001A8E43 /* StoreKit.framework */ = {isa = PBXFileReference; lastKnownFileType = wrapper.framework; name = StoreKit.framework; path = System/Library/Frameworks/StoreKit.framework; sourceTree = SDKROOT; };
		457962DA1A7EE6E9001A8E43 /* SystemConfiguration.framework */ = {isa = PBXFileReference; lastKnownFileType = wrapper.framework; name = SystemConfiguration.framework; path = System/Library/Frameworks/SystemConfiguration.framework; sourceTree = SDKROOT; };
/* End PBXFileReference section */

/* Begin PBXFrameworksBuildPhase section */
		451DC1891A7BE16C00439E3B /* Frameworks */ = {
			isa = PBXFrameworksBuildPhase;
			buildActionMask = 2147483647;
			files = (
				457962DB1A7EE6E9001A8E43 /* CoreGraphics.framework in Frameworks */,
				457962DC1A7EE6E9001A8E43 /* CoreTelephony.framework in Frameworks */,
				457962DD1A7EE6E9001A8E43 /* EventKit.framework in Frameworks */,
				457962DE1A7EE6E9001A8E43 /* EventKitUI.framework in Frameworks */,
				457962DF1A7EE6E9001A8E43 /* MessageUI.framework in Frameworks */,
				457962E01A7EE6E9001A8E43 /* StoreKit.framework in Frameworks */,
				457962E11A7EE6E9001A8E43 /* SystemConfiguration.framework in Frameworks */,
				457962D31A7EE6BD001A8E43 /* AdSupport.framework in Frameworks */,
				451DC1CD1A7D969200439E3B /* AVFoundation.framework in Frameworks */,
				451DC1CF1A7D969700439E3B /* AVKit.framework in Frameworks */,
				457962D01A7EE692001A8E43 /* libGoogleAdMobAds.a in Frameworks */,
				451DC1BF1A7D568500439E3B /* AudioToolbox.framework in Frameworks */,
			);
			runOnlyForDeploymentPostprocessing = 0;
		};
		451DC1A21A7BE16D00439E3B /* Frameworks */ = {
			isa = PBXFrameworksBuildPhase;
			buildActionMask = 2147483647;
			files = (
			);
			runOnlyForDeploymentPostprocessing = 0;
		};
/* End PBXFrameworksBuildPhase section */

/* Begin PBXGroup section */
		451DC1831A7BE16C00439E3B = {
			isa = PBXGroup;
			children = (
				451DC1C91A7D717900439E3B /* Frameworks */,
				451DC18E1A7BE16C00439E3B /* action */,
				451DC1A81A7BE16D00439E3B /* actionTests */,
				451DC18D1A7BE16C00439E3B /* Products */,
			);
			sourceTree = "<group>";
		};
		451DC18D1A7BE16C00439E3B /* Products */ = {
			isa = PBXGroup;
			children = (
				451DC18C1A7BE16C00439E3B /* action.app */,
				451DC1A51A7BE16D00439E3B /* actionTests.xctest */,
			);
			name = Products;
			sourceTree = "<group>";
		};
		451DC18E1A7BE16C00439E3B /* action */ = {
			isa = PBXGroup;
			children = (
				451DC1931A7BE16D00439E3B /* AppDelegate.h */,
				451DC1941A7BE16D00439E3B /* AppDelegate.m */,
				451DC1961A7BE16D00439E3B /* ViewController.h */,
				451DC1971A7BE16D00439E3B /* ViewController.m */,
				451DC1991A7BE16D00439E3B /* Main.storyboard */,
				457962AB1A7EDA59001A8E43 /* ExtrasViewController.h */,
				457962AC1A7EDA59001A8E43 /* ExtrasViewController.m */,
				451DC1DF1A7DD60700439E3B /* HomeViewController.h */,
				451DC1E01A7DD60700439E3B /* HomeViewController.m */,
				457962A81A7DDAEE001A8E43 /* HowToViewController.h */,
				457962A91A7DDAEE001A8E43 /* HowToViewController.m */,
				451DC1BB1A7C341500439E3B /* MedalView.h */,
				451DC1BC1A7C341500439E3B /* MedalView.m */,
				451DC19C1A7BE16D00439E3B /* Images.xcassets */,
				451DC19E1A7BE16D00439E3B /* LaunchScreen.xib */,
				451DC18F1A7BE16D00439E3B /* Supporting Files */,
			);
			path = action;
			sourceTree = "<group>";
		};
		451DC18F1A7BE16D00439E3B /* Supporting Files */ = {
			isa = PBXGroup;
			children = (
				457962AE1A7EE692001A8E43 /* GoogleMobileAdsSdkiOS-6.12-2.2 */,
				451DC1C41A7D5D0E00439E3B /* loseSwipe.wav */,
				451DC1CA1A7D94B600439E3B /* swipe2.wav */,
				451DC1C01A7D56E200439E3B /* swipe.mp3 */,
				451DC1901A7BE16D00439E3B /* Info.plist */,
				451DC1911A7BE16D00439E3B /* main.m */,
			);
			name = "Supporting Files";
			sourceTree = "<group>";
		};
		451DC1A81A7BE16D00439E3B /* actionTests */ = {
			isa = PBXGroup;
			children = (
				451DC1AB1A7BE16D00439E3B /* actionTests.m */,
				451DC1A91A7BE16D00439E3B /* Supporting Files */,
			);
			path = actionTests;
			sourceTree = "<group>";
		};
		451DC1A91A7BE16D00439E3B /* Supporting Files */ = {
			isa = PBXGroup;
			children = (
				451DC1AA1A7BE16D00439E3B /* Info.plist */,
			);
			name = "Supporting Files";
			sourceTree = "<group>";
		};
		451DC1C91A7D717900439E3B /* Frameworks */ = {
			isa = PBXGroup;
			children = (
				457962D41A7EE6E9001A8E43 /* CoreGraphics.framework */,
				457962D51A7EE6E9001A8E43 /* CoreTelephony.framework */,
				457962D61A7EE6E9001A8E43 /* EventKit.framework */,
				457962D71A7EE6E9001A8E43 /* EventKitUI.framework */,
				457962D81A7EE6E9001A8E43 /* MessageUI.framework */,
				457962D91A7EE6E9001A8E43 /* StoreKit.framework */,
				457962DA1A7EE6E9001A8E43 /* SystemConfiguration.framework */,
				457962D21A7EE6BD001A8E43 /* AdSupport.framework */,
				451DC1CE1A7D969700439E3B /* AVKit.framework */,
				451DC1CC1A7D969100439E3B /* AVFoundation.framework */,
				451DC1BE1A7D568500439E3B /* AudioToolbox.framework */,
			);
			name = Frameworks;
			sourceTree = "<group>";
		};
		457962AE1A7EE692001A8E43 /* GoogleMobileAdsSdkiOS-6.12-2.2 */ = {
			isa = PBXGroup;
			children = (
				457962AF1A7EE692001A8E43 /* Add-ons */,
				457962C21A7EE692001A8E43 /* GADAdMobExtras.h */,
				457962C31A7EE692001A8E43 /* GADAdNetworkExtras.h */,
				457962C41A7EE692001A8E43 /* GADAdSize.h */,
				457962C51A7EE692001A8E43 /* GADBannerView.h */,
				457962C61A7EE692001A8E43 /* GADBannerViewDelegate.h */,
				457962C71A7EE692001A8E43 /* GADInAppPurchase.h */,
				457962C81A7EE692001A8E43 /* GADInAppPurchaseDelegate.h */,
				457962C91A7EE692001A8E43 /* GADInterstitial.h */,
				457962CA1A7EE692001A8E43 /* GADInterstitialDelegate.h */,
				457962CB1A7EE692001A8E43 /* GADModules.h */,
				457962CC1A7EE692001A8E43 /* GADRequest.h */,
				457962CD1A7EE692001A8E43 /* GADRequestError.h */,
				457962CE1A7EE692001A8E43 /* libGoogleAdMobAds.a */,
				457962CF1A7EE692001A8E43 /* README.txt */,
			);
			path = "GoogleMobileAdsSdkiOS-6.12-2.2";
			sourceTree = "<group>";
		};
		457962AF1A7EE692001A8E43 /* Add-ons */ = {
			isa = PBXGroup;
			children = (
				457962B01A7EE692001A8E43 /* DoubleClick */,
				457962B81A7EE692001A8E43 /* Mediation */,
				457962BF1A7EE692001A8E43 /* Search */,
			);
			path = "Add-ons";
			sourceTree = "<group>";
		};
		457962B01A7EE692001A8E43 /* DoubleClick */ = {
			isa = PBXGroup;
			children = (
				457962B11A7EE692001A8E43 /* DFPBannerView.h */,
				457962B21A7EE692001A8E43 /* DFPExtras.h */,
				457962B31A7EE692001A8E43 /* DFPInterstitial.h */,
				457962B41A7EE692001A8E43 /* DFPSwipeableBannerView.h */,
				457962B51A7EE692001A8E43 /* GADAdSizeDelegate.h */,
				457962B61A7EE692001A8E43 /* GADAppEventDelegate.h */,
				457962B71A7EE692001A8E43 /* GADSwipeableBannerViewDelegate.h */,
			);
			path = DoubleClick;
			sourceTree = "<group>";
		};
		457962B81A7EE692001A8E43 /* Mediation */ = {
			isa = PBXGroup;
			children = (
				457962B91A7EE692001A8E43 /* GADCustomEventBanner.h */,
				457962BA1A7EE692001A8E43 /* GADCustomEventBannerDelegate.h */,
				457962BB1A7EE692001A8E43 /* GADCustomEventExtras.h */,
				457962BC1A7EE692001A8E43 /* GADCustomEventInterstitial.h */,
				457962BD1A7EE692001A8E43 /* GADCustomEventInterstitialDelegate.h */,
				457962BE1A7EE692001A8E43 /* GADCustomEventRequest.h */,
			);
			path = Mediation;
			sourceTree = "<group>";
		};
		457962BF1A7EE692001A8E43 /* Search */ = {
			isa = PBXGroup;
			children = (
				457962C01A7EE692001A8E43 /* GADSearchBannerView.h */,
				457962C11A7EE692001A8E43 /* GADSearchRequest.h */,
			);
			path = Search;
			sourceTree = "<group>";
		};
/* End PBXGroup section */

/* Begin PBXNativeTarget section */
		451DC18B1A7BE16C00439E3B /* action */ = {
			isa = PBXNativeTarget;
			buildConfigurationList = 451DC1AF1A7BE16D00439E3B /* Build configuration list for PBXNativeTarget "action" */;
			buildPhases = (
				451DC1881A7BE16C00439E3B /* Sources */,
				451DC1891A7BE16C00439E3B /* Frameworks */,
				451DC18A1A7BE16C00439E3B /* Resources */,
			);
			buildRules = (
			);
			dependencies = (
			);
			name = action;
			productName = action;
			productReference = 451DC18C1A7BE16C00439E3B /* action.app */;
			productType = "com.apple.product-type.application";
		};
		451DC1A41A7BE16D00439E3B /* actionTests */ = {
			isa = PBXNativeTarget;
			buildConfigurationList = 451DC1B21A7BE16D00439E3B /* Build configuration list for PBXNativeTarget "actionTests" */;
			buildPhases = (
				451DC1A11A7BE16D00439E3B /* Sources */,
				451DC1A21A7BE16D00439E3B /* Frameworks */,
				451DC1A31A7BE16D00439E3B /* Resources */,
			);
			buildRules = (
			);
			dependencies = (
				451DC1A71A7BE16D00439E3B /* PBXTargetDependency */,
			);
			name = actionTests;
			productName = actionTests;
			productReference = 451DC1A51A7BE16D00439E3B /* actionTests.xctest */;
			productType = "com.apple.product-type.bundle.unit-test";
		};
/* End PBXNativeTarget section */

/* Begin PBXProject section */
		451DC1841A7BE16C00439E3B /* Project object */ = {
			isa = PBXProject;
			attributes = {
				LastUpgradeCheck = 0610;
				ORGANIZATIONNAME = "Andrew Boryk";
				TargetAttributes = {
					451DC18B1A7BE16C00439E3B = {
						CreatedOnToolsVersion = 6.1.1;
					};
					451DC1A41A7BE16D00439E3B = {
						CreatedOnToolsVersion = 6.1.1;
						TestTargetID = 451DC18B1A7BE16C00439E3B;
					};
				};
			};
			buildConfigurationList = 451DC1871A7BE16C00439E3B /* Build configuration list for PBXProject "action" */;
			compatibilityVersion = "Xcode 3.2";
			developmentRegion = English;
			hasScannedForEncodings = 0;
			knownRegions = (
				en,
				Base,
			);
			mainGroup = 451DC1831A7BE16C00439E3B;
			productRefGroup = 451DC18D1A7BE16C00439E3B /* Products */;
			projectDirPath = "";
			projectRoot = "";
			targets = (
				451DC18B1A7BE16C00439E3B /* action */,
				451DC1A41A7BE16D00439E3B /* actionTests */,
			);
		};
/* End PBXProject section */

/* Begin PBXResourcesBuildPhase section */
		451DC18A1A7BE16C00439E3B /* Resources */ = {
			isa = PBXResourcesBuildPhase;
			buildActionMask = 2147483647;
			files = (
				451DC1CB1A7D94B600439E3B /* swipe2.wav in Resources */,
				457962D11A7EE692001A8E43 /* README.txt in Resources */,
				451DC19B1A7BE16D00439E3B /* Main.storyboard in Resources */,
				451DC1A01A7BE16D00439E3B /* LaunchScreen.xib in Resources */,
				451DC19D1A7BE16D00439E3B /* Images.xcassets in Resources */,
				451DC1C51A7D5D0E00439E3B /* loseSwipe.wav in Resources */,
				451DC1C11A7D56E200439E3B /* swipe.mp3 in Resources */,
			);
			runOnlyForDeploymentPostprocessing = 0;
		};
		451DC1A31A7BE16D00439E3B /* Resources */ = {
			isa = PBXResourcesBuildPhase;
			buildActionMask = 2147483647;
			files = (
			);
			runOnlyForDeploymentPostprocessing = 0;
		};
/* End PBXResourcesBuildPhase section */

/* Begin PBXSourcesBuildPhase section */
		451DC1881A7BE16C00439E3B /* Sources */ = {
			isa = PBXSourcesBuildPhase;
			buildActionMask = 2147483647;
			files = (
				451DC1BD1A7C341500439E3B /* MedalView.m in Sources */,
				451DC1981A7BE16D00439E3B /* ViewController.m in Sources */,
				457962AA1A7DDAEE001A8E43 /* HowToViewController.m in Sources */,
				457962AD1A7EDA59001A8E43 /* ExtrasViewController.m in Sources */,
				451DC1951A7BE16D00439E3B /* AppDelegate.m in Sources */,
				451DC1E11A7DD60700439E3B /* HomeViewController.m in Sources */,
				451DC1921A7BE16D00439E3B /* main.m in Sources */,
			);
			runOnlyForDeploymentPostprocessing = 0;
		};
		451DC1A11A7BE16D00439E3B /* Sources */ = {
			isa = PBXSourcesBuildPhase;
			buildActionMask = 2147483647;
			files = (
				451DC1AC1A7BE16D00439E3B /* actionTests.m in Sources */,
			);
			runOnlyForDeploymentPostprocessing = 0;
		};
/* End PBXSourcesBuildPhase section */

/* Begin PBXTargetDependency section */
		451DC1A71A7BE16D00439E3B /* PBXTargetDependency */ = {
			isa = PBXTargetDependency;
			target = 451DC18B1A7BE16C00439E3B /* action */;
			targetProxy = 451DC1A61A7BE16D00439E3B /* PBXContainerItemProxy */;
		};
/* End PBXTargetDependency section */

/* Begin PBXVariantGroup section */
		451DC1991A7BE16D00439E3B /* Main.storyboard */ = {
			isa = PBXVariantGroup;
			children = (
				451DC19A1A7BE16D00439E3B /* Base */,
			);
			name = Main.storyboard;
			sourceTree = "<group>";
		};
		451DC19E1A7BE16D00439E3B /* LaunchScreen.xib */ = {
			isa = PBXVariantGroup;
			children = (
				451DC19F1A7BE16D00439E3B /* Base */,
			);
			name = LaunchScreen.xib;
			sourceTree = "<group>";
		};
/* End PBXVariantGroup section */

/* Begin XCBuildConfiguration section */
		451DC1AD1A7BE16D00439E3B /* Debug */ = {
			isa = XCBuildConfiguration;
			buildSettings = {
				ALWAYS_SEARCH_USER_PATHS = NO;
				CLANG_CXX_LANGUAGE_STANDARD = "gnu++0x";
				CLANG_CXX_LIBRARY = "libc++";
				CLANG_ENABLE_MODULES = YES;
				CLANG_ENABLE_OBJC_ARC = YES;
				CLANG_WARN_BOOL_CONVERSION = YES;
				CLANG_WARN_CONSTANT_CONVERSION = YES;
				CLANG_WARN_DIRECT_OBJC_ISA_USAGE = YES_ERROR;
				CLANG_WARN_EMPTY_BODY = YES;
				CLANG_WARN_ENUM_CONVERSION = YES;
				CLANG_WARN_INT_CONVERSION = YES;
				CLANG_WARN_OBJC_ROOT_CLASS = YES_ERROR;
				CLANG_WARN_UNREACHABLE_CODE = YES;
				CLANG_WARN__DUPLICATE_METHOD_MATCH = YES;
				CODE_SIGN_IDENTITY = "iPhone Distribution: Andrew Boryk (F6ALBB84EY)";
				"CODE_SIGN_IDENTITY[sdk=iphoneos*]" = "iPhone Distribution: Andrew Boryk (F6ALBB84EY)";
				COPY_PHASE_STRIP = NO;
				ENABLE_STRICT_OBJC_MSGSEND = YES;
				GCC_C_LANGUAGE_STANDARD = gnu99;
				GCC_DYNAMIC_NO_PIC = NO;
				GCC_OPTIMIZATION_LEVEL = 0;
				GCC_PREPROCESSOR_DEFINITIONS = (
					"DEBUG=1",
					"$(inherited)",
				);
				GCC_SYMBOLS_PRIVATE_EXTERN = NO;
				GCC_WARN_64_TO_32_BIT_CONVERSION = YES;
				GCC_WARN_ABOUT_RETURN_TYPE = YES_ERROR;
				GCC_WARN_UNDECLARED_SELECTOR = YES;
				GCC_WARN_UNINITIALIZED_AUTOS = YES_AGGRESSIVE;
				GCC_WARN_UNUSED_FUNCTION = YES;
				GCC_WARN_UNUSED_VARIABLE = YES;
				IPHONEOS_DEPLOYMENT_TARGET = 8.1;
				MTL_ENABLE_DEBUG_INFO = YES;
				ONLY_ACTIVE_ARCH = YES;
				OTHER_LDFLAGS = "-ObjC";
				SDKROOT = iphoneos;
			};
			name = Debug;
		};
		451DC1AE1A7BE16D00439E3B /* Release */ = {
			isa = XCBuildConfiguration;
			buildSettings = {
				ALWAYS_SEARCH_USER_PATHS = NO;
				CLANG_CXX_LANGUAGE_STANDARD = "gnu++0x";
				CLANG_CXX_LIBRARY = "libc++";
				CLANG_ENABLE_MODULES = YES;
				CLANG_ENABLE_OBJC_ARC = YES;
				CLANG_WARN_BOOL_CONVERSION = YES;
				CLANG_WARN_CONSTANT_CONVERSION = YES;
				CLANG_WARN_DIRECT_OBJC_ISA_USAGE = YES_ERROR;
				CLANG_WARN_EMPTY_BODY = YES;
				CLANG_WARN_ENUM_CONVERSION = YES;
				CLANG_WARN_INT_CONVERSION = YES;
				CLANG_WARN_OBJC_ROOT_CLASS = YES_ERROR;
				CLANG_WARN_UNREACHABLE_CODE = YES;
				CLANG_WARN__DUPLICATE_METHOD_MATCH = YES;
				CODE_SIGN_IDENTITY = "iPhone Distribution: Andrew Boryk (F6ALBB84EY)";
				"CODE_SIGN_IDENTITY[sdk=iphoneos*]" = "iPhone Distribution: Andrew Boryk (F6ALBB84EY)";
				COPY_PHASE_STRIP = YES;
				ENABLE_NS_ASSERTIONS = NO;
				ENABLE_STRICT_OBJC_MSGSEND = YES;
				GCC_C_LANGUAGE_STANDARD = gnu99;
				GCC_WARN_64_TO_32_BIT_CONVERSION = YES;
				GCC_WARN_ABOUT_RETURN_TYPE = YES_ERROR;
				GCC_WARN_UNDECLARED_SELECTOR = YES;
				GCC_WARN_UNINITIALIZED_AUTOS = YES_AGGRESSIVE;
				GCC_WARN_UNUSED_FUNCTION = YES;
				GCC_WARN_UNUSED_VARIABLE = YES;
				IPHONEOS_DEPLOYMENT_TARGET = 8.1;
				MTL_ENABLE_DEBUG_INFO = NO;
				OTHER_LDFLAGS = "-ObjC";
				SDKROOT = iphoneos;
				VALIDATE_PRODUCT = YES;
			};
			name = Release;
		};
		451DC1B01A7BE16D00439E3B /* Debug */ = {
			isa = XCBuildConfiguration;
			buildSettings = {
				ASSETCATALOG_COMPILER_APPICON_NAME = AppIcon;
				CODE_SIGN_IDENTITY = "iPhone Distribution: Andrew Boryk (F6ALBB84EY)";
				INFOPLIST_FILE = action/Info.plist;
				LD_RUNPATH_SEARCH_PATHS = "$(inherited) @executable_path/Frameworks";
				LIBRARY_SEARCH_PATHS = (
					"$(inherited)",
					"$(PROJECT_DIR)/action/GoogleMobileAdsSdkiOS-6.12-2.2",
				);
				OTHER_LDFLAGS = "-ObjC";
				PRODUCT_NAME = "$(TARGET_NAME)";
			};
			name = Debug;
		};
		451DC1B11A7BE16D00439E3B /* Release */ = {
			isa = XCBuildConfiguration;
			buildSettings = {
				ASSETCATALOG_COMPILER_APPICON_NAME = AppIcon;
				CODE_SIGN_IDENTITY = "iPhone Distribution: Andrew Boryk (F6ALBB84EY)";
				INFOPLIST_FILE = action/Info.plist;
				LD_RUNPATH_SEARCH_PATHS = "$(inherited) @executable_path/Frameworks";
				LIBRARY_SEARCH_PATHS = (
					"$(inherited)",
					"$(PROJECT_DIR)/action/GoogleMobileAdsSdkiOS-6.12-2.2",
				);
				OTHER_LDFLAGS = "-ObjC";
				PRODUCT_NAME = "$(TARGET_NAME)";
			};
			name = Release;
		};
		451DC1B31A7BE16D00439E3B /* Debug */ = {
			isa = XCBuildConfiguration;
			buildSettings = {
				BUNDLE_LOADER = "$(TEST_HOST)";
				FRAMEWORK_SEARCH_PATHS = (
					"$(SDKROOT)/Developer/Library/Frameworks",
					"$(inherited)",
				);
				GCC_PREPROCESSOR_DEFINITIONS = (
					"DEBUG=1",
					"$(inherited)",
				);
				INFOPLIST_FILE = actionTests/Info.plist;
				LD_RUNPATH_SEARCH_PATHS = "$(inherited) @executable_path/Frameworks @loader_path/Frameworks";
				PRODUCT_NAME = "$(TARGET_NAME)";
				TEST_HOST = "$(BUILT_PRODUCTS_DIR)/action.app/action";
			};
			name = Debug;
		};
		451DC1B41A7BE16D00439E3B /* Release */ = {
			isa = XCBuildConfiguration;
			buildSettings = {
				BUNDLE_LOADER = "$(TEST_HOST)";
				FRAMEWORK_SEARCH_PATHS = (
					"$(SDKROOT)/Developer/Library/Frameworks",
					"$(inherited)",
				);
				INFOPLIST_FILE = actionTests/Info.plist;
				LD_RUNPATH_SEARCH_PATHS = "$(inherited) @executable_path/Frameworks @loader_path/Frameworks";
				PRODUCT_NAME = "$(TARGET_NAME)";
				TEST_HOST = "$(BUILT_PRODUCTS_DIR)/action.app/action";
			};
			name = Release;
		};
/* End XCBuildConfiguration section */

/* Begin XCConfigurationList section */
		451DC1871A7BE16C00439E3B /* Build configuration list for PBXProject "action" */ = {
			isa = XCConfigurationList;
			buildConfigurations = (
				451DC1AD1A7BE16D00439E3B /* Debug */,
				451DC1AE1A7BE16D00439E3B /* Release */,
			);
			defaultConfigurationIsVisible = 0;
			defaultConfigurationName = Release;
		};
		451DC1AF1A7BE16D00439E3B /* Build configuration list for PBXNativeTarget "action" */ = {
			isa = XCConfigurationList;
			buildConfigurations = (
				451DC1B01A7BE16D00439E3B /* Debug */,
				451DC1B11A7BE16D00439E3B /* Release */,
			);
			defaultConfigurationIsVisible = 0;
			defaultConfigurationName = Release;
		};
		451DC1B21A7BE16D00439E3B /* Build configuration list for PBXNativeTarget "actionTests" */ = {
			isa = XCConfigurationList;
			buildConfigurations = (
				451DC1B31A7BE16D00439E3B /* Debug */,
				451DC1B41A7BE16D00439E3B /* Release */,
			);
			defaultConfigurationIsVisible = 0;
			defaultConfigurationName = Release;
		};
/* End XCConfigurationList section */
	};
	rootObject = 451DC1841A7BE16C00439E3B /* Project object */;
}
